
Microsoft Visual Studio Solution File, Format Version 12.00
# Visual Studio Version 17
VisualStudioVersion = 17.9.34902.65
MinimumVisualStudioVersion = 10.0.40219.1
Project("{FAE04EC0-301F-11D3-BF4B-00C04F79EFBC}") = "PaginacaoAspNetMVC", "PaginacaoAspNetMVC.csproj", "{EAA37C8D-20CC-46BD-9D2E-170939BEFBD1}"
EndProject
Global
	GlobalSection(SolutionConfigurationPlatforms) = preSolution
		Debug|Any CPU = Debug|Any CPU
		Release|Any CPU = Release|Any CPU
	EndGlobalSection
	GlobalSection(ProjectConfigurationPlatforms) = postSolution
		{EAA37C8D-20CC-46BD-9D2E-170939BEFBD1}.Debug|Any CPU.ActiveCfg = Debug|Any CPU
		{EAA37C8D-20CC-46BD-9D2E-170939BEFBD1}.Debug|Any CPU.Build.0 = Debug|Any CPU
		{EAA37C8D-20CC-46BD-9D2E-170939BEFBD1}.Release|Any CPU.ActiveCfg = Release|Any CPU
		{EAA37C8D-20CC-46BD-9D2E-170939BEFBD1}.Release|Any CPU.Build.0 = Release|Any CPU
	EndGlobalSection
	GlobalSection(SolutionProperties) = preSolution
		HideSolutionNode = FALSE
	EndGlobalSection
	GlobalSection(ExtensibilityGlobals) = postSolution
		SolutionGuid = {5FCA5F2F-665B-414A-A8F9-B408A1EAB83E}
	EndGlobalSection
EndGlobal
